
Microsoft Visual Studio Solution File, Format Version 12.00
# Visual Studio Version 17
VisualStudioVersion = 17.7.34202.233
MinimumVisualStudioVersion = 10.0.40219.1
Project("{FAE04EC0-301F-11D3-BF4B-00C04F79EFBC}") = "Actividad 7", "Actividad 7\Actividad 7.csproj", "{03EE48FA-3EE8-40A6-96AE-D89558B02586}"
EndProject
Global
	GlobalSection(SolutionConfigurationPlatforms) = preSolution
		Debug|Any CPU = Debug|Any CPU
		Release|Any CPU = Release|Any CPU
	EndGlobalSection
	GlobalSection(ProjectConfigurationPlatforms) = postSolution
		{03EE48FA-3EE8-40A6-96AE-D89558B02586}.Debug|Any CPU.ActiveCfg = Debug|Any CPU
		{03EE48FA-3EE8-40A6-96AE-D89558B02586}.Debug|Any CPU.Build.0 = Debug|Any CPU
		{03EE48FA-3EE8-40A6-96AE-D89558B02586}.Release|Any CPU.ActiveCfg = Release|Any CPU
		{03EE48FA-3EE8-40A6-96AE-D89558B02586}.Release|Any CPU.Build.0 = Release|Any CPU
	EndGlobalSection
	GlobalSection(SolutionProperties) = preSolution
		HideSolutionNode = FALSE
	EndGlobalSection
	GlobalSection(ExtensibilityGlobals) = postSolution
		SolutionGuid = {244CE762-5AD6-420C-85FA-52919CCD2842}
	EndGlobalSection
EndGlobal
